// !$*UTF8*$!
{
	archiveVersion = 1;
	classes = {
	};
	objectVersion = 46;
	objects = {

/* Begin PBXBuildFile section */
		D41423081A7F3E4D00B3CA35 /* main.m in Sources */ = {isa = PBXBuildFile; fileRef = D41423071A7F3E4D00B3CA35 /* main.m */; };
		D414230B1A7F3E4D00B3CA35 /* AppDelegate.m in Sources */ = {isa = PBXBuildFile; fileRef = D414230A1A7F3E4D00B3CA35 /* AppDelegate.m */; };
		D41423141A7F3E4D00B3CA35 /* Main.storyboard in Resources */ = {isa = PBXBuildFile; fileRef = D41423121A7F3E4D00B3CA35 /* Main.storyboard */; };
		D41423161A7F3E4D00B3CA35 /* Images.xcassets in Resources */ = {isa = PBXBuildFile; fileRef = D41423151A7F3E4D00B3CA35 /* Images.xcassets */; };
		D41423191A7F3E4D00B3CA35 /* LaunchScreen.xib in Resources */ = {isa = PBXBuildFile; fileRef = D41423171A7F3E4D00B3CA35 /* LaunchScreen.xib */; };
		D41423251A7F3E4D00B3CA35 /* GroupChatTests.m in Sources */ = {isa = PBXBuildFile; fileRef = D41423241A7F3E4D00B3CA35 /* GroupChatTests.m */; };
		D4E42C661A88858B00AE688F /* Group.m in Sources */ = {isa = PBXBuildFile; fileRef = D4E42C651A88858B00AE688F /* Group.m */; };
		D4E42C6A1A88899100AE688F /* GroupSvcCache.m in Sources */ = {isa = PBXBuildFile; fileRef = D4E42C691A88899100AE688F /* GroupSvcCache.m */; };
		D4E42C701A89C94800AE688F /* GroupManageController.m in Sources */ = {isa = PBXBuildFile; fileRef = D4E42C6F1A89C94800AE688F /* GroupManageController.m */; };
		D4E42C731A89D05D00AE688F /* GroupViewController.m in Sources */ = {isa = PBXBuildFile; fileRef = D4E42C721A89D05D00AE688F /* GroupViewController.m */; };
		D4E42C761A8AAC8100AE688F /* GroupSvcArchive.m in Sources */ = {isa = PBXBuildFile; fileRef = D4E42C751A8AAC8100AE688F /* GroupSvcArchive.m */; };
/* End PBXBuildFile section */

/* Begin PBXContainerItemProxy section */
		D414231F1A7F3E4D00B3CA35 /* PBXContainerItemProxy */ = {
			isa = PBXContainerItemProxy;
			containerPortal = D41422FA1A7F3E4D00B3CA35 /* Project object */;
			proxyType = 1;
			remoteGlobalIDString = D41423011A7F3E4D00B3CA35;
			remoteInfo = GroupChat;
		};
/* End PBXContainerItemProxy section */

/* Begin PBXFileReference section */
		D41423021A7F3E4D00B3CA35 /* GroupChat.app */ = {isa = PBXFileReference; explicitFileType = wrapper.application; includeInIndex = 0; path = GroupChat.app; sourceTree = BUILT_PRODUCTS_DIR; };
		D41423061A7F3E4D00B3CA35 /* Info.plist */ = {isa = PBXFileReference; lastKnownFileType = text.plist.xml; path = Info.plist; sourceTree = "<group>"; };
		D41423071A7F3E4D00B3CA35 /* main.m */ = {isa = PBXFileReference; lastKnownFileType = sourcecode.c.objc; path = main.m; sourceTree = "<group>"; };
		D41423091A7F3E4D00B3CA35 /* AppDelegate.h */ = {isa = PBXFileReference; lastKnownFileType = sourcecode.c.h; path = AppDelegate.h; sourceTree = "<group>"; };
		D414230A1A7F3E4D00B3CA35 /* AppDelegate.m */ = {isa = PBXFileReference; lastKnownFileType = sourcecode.c.objc; path = AppDelegate.m; sourceTree = "<group>"; };
		D41423131A7F3E4D00B3CA35 /* Base */ = {isa = PBXFileReference; lastKnownFileType = file.storyboard; name = Base; path = Base.lproj/Main.storyboard; sourceTree = "<group>"; };
		D41423151A7F3E4D00B3CA35 /* Images.xcassets */ = {isa = PBXFileReference; lastKnownFileType = folder.assetcatalog; path = Images.xcassets; sourceTree = "<group>"; };
		D41423181A7F3E4D00B3CA35 /* Base */ = {isa = PBXFileReference; lastKnownFileType = file.xib; name = Base; path = Base.lproj/LaunchScreen.xib; sourceTree = "<group>"; };
		D414231E1A7F3E4D00B3CA35 /* GroupChatTests.xctest */ = {isa = PBXFileReference; explicitFileType = wrapper.cfbundle; includeInIndex = 0; path = GroupChatTests.xctest; sourceTree = BUILT_PRODUCTS_DIR; };
		D41423231A7F3E4D00B3CA35 /* Info.plist */ = {isa = PBXFileReference; lastKnownFileType = text.plist.xml; path = Info.plist; sourceTree = "<group>"; };
		D41423241A7F3E4D00B3CA35 /* GroupChatTests.m */ = {isa = PBXFileReference; lastKnownFileType = sourcecode.c.objc; path = GroupChatTests.m; sourceTree = "<group>"; };
		D4E42C641A88858B00AE688F /* Group.h */ = {isa = PBXFileReference; fileEncoding = 4; lastKnownFileType = sourcecode.c.h; path = Group.h; sourceTree = "<group>"; };
		D4E42C651A88858B00AE688F /* Group.m */ = {isa = PBXFileReference; fileEncoding = 4; lastKnownFileType = sourcecode.c.objc; path = Group.m; sourceTree = "<group>"; };
		D4E42C671A88890D00AE688F /* GroupSvc.h */ = {isa = PBXFileReference; lastKnownFileType = sourcecode.c.h; path = GroupSvc.h; sourceTree = "<group>"; };
		D4E42C681A88899100AE688F /* GroupSvcCache.h */ = {isa = PBXFileReference; fileEncoding = 4; lastKnownFileType = sourcecode.c.h; path = GroupSvcCache.h; sourceTree = "<group>"; };
		D4E42C691A88899100AE688F /* GroupSvcCache.m */ = {isa = PBXFileReference; fileEncoding = 4; lastKnownFileType = sourcecode.c.objc; path = GroupSvcCache.m; sourceTree = "<group>"; };
		D4E42C6E1A89C94800AE688F /* GroupManageController.h */ = {isa = PBXFileReference; fileEncoding = 4; lastKnownFileType = sourcecode.c.h; path = GroupManageController.h; sourceTree = "<group>"; };
		D4E42C6F1A89C94800AE688F /* GroupManageController.m */ = {isa = PBXFileReference; fileEncoding = 4; lastKnownFileType = sourcecode.c.objc; path = GroupManageController.m; sourceTree = "<group>"; };
		D4E42C711A89D05D00AE688F /* GroupViewController.h */ = {isa = PBXFileReference; fileEncoding = 4; lastKnownFileType = sourcecode.c.h; path = GroupViewController.h; sourceTree = "<group>"; };
		D4E42C721A89D05D00AE688F /* GroupViewController.m */ = {isa = PBXFileReference; fileEncoding = 4; lastKnownFileType = sourcecode.c.objc; path = GroupViewController.m; sourceTree = "<group>"; };
		D4E42C741A8AAC8100AE688F /* GroupSvcArchive.h */ = {isa = PBXFileReference; fileEncoding = 4; lastKnownFileType = sourcecode.c.h; path = GroupSvcArchive.h; sourceTree = "<group>"; };
		D4E42C751A8AAC8100AE688F /* GroupSvcArchive.m */ = {isa = PBXFileReference; fileEncoding = 4; lastKnownFileType = sourcecode.c.objc; path = GroupSvcArchive.m; sourceTree = "<group>"; };
/* End PBXFileReference section */

/* Begin PBXFrameworksBuildPhase section */
		D41422FF1A7F3E4D00B3CA35 /* Frameworks */ = {
			isa = PBXFrameworksBuildPhase;
			buildActionMask = 2147483647;
			files = (
			);
			runOnlyForDeploymentPostprocessing = 0;
		};
		D414231B1A7F3E4D00B3CA35 /* Frameworks */ = {
			isa = PBXFrameworksBuildPhase;
			buildActionMask = 2147483647;
			files = (
			);
			runOnlyForDeploymentPostprocessing = 0;
		};
/* End PBXFrameworksBuildPhase section */

/* Begin PBXGroup section */
		D41422F91A7F3E4D00B3CA35 = {
			isa = PBXGroup;
			children = (
				D41423041A7F3E4D00B3CA35 /* GroupChat */,
				D41423211A7F3E4D00B3CA35 /* GroupChatTests */,
				D41423031A7F3E4D00B3CA35 /* Products */,
			);
			sourceTree = "<group>";
		};
		D41423031A7F3E4D00B3CA35 /* Products */ = {
			isa = PBXGroup;
			children = (
				D41423021A7F3E4D00B3CA35 /* GroupChat.app */,
				D414231E1A7F3E4D00B3CA35 /* GroupChatTests.xctest */,
			);
			name = Products;
			sourceTree = "<group>";
		};
		D41423041A7F3E4D00B3CA35 /* GroupChat */ = {
			isa = PBXGroup;
			children = (
				D414232E1A7F450C00B3CA35 /* Model */,
				D41423091A7F3E4D00B3CA35 /* AppDelegate.h */,
				D414230A1A7F3E4D00B3CA35 /* AppDelegate.m */,
				D41423121A7F3E4D00B3CA35 /* Main.storyboard */,
				D41423151A7F3E4D00B3CA35 /* Images.xcassets */,
				D41423171A7F3E4D00B3CA35 /* LaunchScreen.xib */,
				D41423051A7F3E4D00B3CA35 /* Supporting Files */,
				D4E42C6E1A89C94800AE688F /* GroupManageController.h */,
				D4E42C6F1A89C94800AE688F /* GroupManageController.m */,
				D4E42C711A89D05D00AE688F /* GroupViewController.h */,
				D4E42C721A89D05D00AE688F /* GroupViewController.m */,
			);
			path = GroupChat;
			sourceTree = "<group>";
		};
		D41423051A7F3E4D00B3CA35 /* Supporting Files */ = {
			isa = PBXGroup;
			children = (
				D41423061A7F3E4D00B3CA35 /* Info.plist */,
				D41423071A7F3E4D00B3CA35 /* main.m */,
			);
			name = "Supporting Files";
			sourceTree = "<group>";
		};
		D41423211A7F3E4D00B3CA35 /* GroupChatTests */ = {
			isa = PBXGroup;
			children = (
				D41423241A7F3E4D00B3CA35 /* GroupChatTests.m */,
				D41423221A7F3E4D00B3CA35 /* Supporting Files */,
			);
			path = GroupChatTests;
			sourceTree = "<group>";
		};
		D41423221A7F3E4D00B3CA35 /* Supporting Files */ = {
			isa = PBXGroup;
			children = (
				D41423231A7F3E4D00B3CA35 /* Info.plist */,
			);
			name = "Supporting Files";
			sourceTree = "<group>";
		};
		D414232E1A7F450C00B3CA35 /* Model */ = {
			isa = PBXGroup;
			children = (
				D4E42C641A88858B00AE688F /* Group.h */,
				D4E42C651A88858B00AE688F /* Group.m */,
				D4E42C671A88890D00AE688F /* GroupSvc.h */,
				D4E42C681A88899100AE688F /* GroupSvcCache.h */,
				D4E42C691A88899100AE688F /* GroupSvcCache.m */,
				D4E42C741A8AAC8100AE688F /* GroupSvcArchive.h */,
				D4E42C751A8AAC8100AE688F /* GroupSvcArchive.m */,
			);
			name = Model;
			sourceTree = "<group>";
		};
/* End PBXGroup section */

/* Begin PBXNativeTarget section */
		D41423011A7F3E4D00B3CA35 /* GroupChat */ = {
			isa = PBXNativeTarget;
			buildConfigurationList = D41423281A7F3E4D00B3CA35 /* Build configuration list for PBXNativeTarget "GroupChat" */;
			buildPhases = (
				D41422FE1A7F3E4D00B3CA35 /* Sources */,
				D41422FF1A7F3E4D00B3CA35 /* Frameworks */,
				D41423001A7F3E4D00B3CA35 /* Resources */,
			);
			buildRules = (
			);
			dependencies = (
			);
			name = GroupChat;
			productName = GroupChat;
			productReference = D41423021A7F3E4D00B3CA35 /* GroupChat.app */;
			productType = "com.apple.product-type.application";
		};
		D414231D1A7F3E4D00B3CA35 /* GroupChatTests */ = {
			isa = PBXNativeTarget;
			buildConfigurationList = D414232B1A7F3E4D00B3CA35 /* Build configuration list for PBXNativeTarget "GroupChatTests" */;
			buildPhases = (
				D414231A1A7F3E4D00B3CA35 /* Sources */,
				D414231B1A7F3E4D00B3CA35 /* Frameworks */,
				D414231C1A7F3E4D00B3CA35 /* Resources */,
			);
			buildRules = (
			);
			dependencies = (
				D41423201A7F3E4D00B3CA35 /* PBXTargetDependency */,
			);
			name = GroupChatTests;
			productName = GroupChatTests;
			productReference = D414231E1A7F3E4D00B3CA35 /* GroupChatTests.xctest */;
			productType = "com.apple.product-type.bundle.unit-test";
		};
/* End PBXNativeTarget section */

/* Begin PBXProject section */
		D41422FA1A7F3E4D00B3CA35 /* Project object */ = {
			isa = PBXProject;
			attributes = {
				LastUpgradeCheck = 0610;
				ORGANIZATIONNAME = "Adam Bailey";
				TargetAttributes = {
					D41423011A7F3E4D00B3CA35 = {
						CreatedOnToolsVersion = 6.1.1;
					};
					D414231D1A7F3E4D00B3CA35 = {
						CreatedOnToolsVersion = 6.1.1;
						TestTargetID = D41423011A7F3E4D00B3CA35;
					};
				};
			};
			buildConfigurationList = D41422FD1A7F3E4D00B3CA35 /* Build configuration list for PBXProject "GroupChat" */;
			compatibilityVersion = "Xcode 3.2";
			developmentRegion = English;
			hasScannedForEncodings = 0;
			knownRegions = (
				en,
				Base,
			);
			mainGroup = D41422F91A7F3E4D00B3CA35;
			productRefGroup = D41423031A7F3E4D00B3CA35 /* Products */;
			projectDirPath = "";
			projectRoot = "";
			targets = (
				D41423011A7F3E4D00B3CA35 /* GroupChat */,
				D414231D1A7F3E4D00B3CA35 /* GroupChatTests */,
			);
		};
/* End PBXProject section */

/* Begin PBXResourcesBuildPhase section */
		D41423001A7F3E4D00B3CA35 /* Resources */ = {
			isa = PBXResourcesBuildPhase;
			buildActionMask = 2147483647;
			files = (
				D41423141A7F3E4D00B3CA35 /* Main.storyboard in Resources */,
				D41423191A7F3E4D00B3CA35 /* LaunchScreen.xib in Resources */,
				D41423161A7F3E4D00B3CA35 /* Images.xcassets in Resources */,
			);
			runOnlyForDeploymentPostprocessing = 0;
		};
		D414231C1A7F3E4D00B3CA35 /* Resources */ = {
			isa = PBXResourcesBuildPhase;
			buildActionMask = 2147483647;
			files = (
			);
			runOnlyForDeploymentPostprocessing = 0;
		};
/* End PBXResourcesBuildPhase section */

/* Begin PBXSourcesBuildPhase section */
		D41422FE1A7F3E4D00B3CA35 /* Sources */ = {
			isa = PBXSourcesBuildPhase;
			buildActionMask = 2147483647;
			files = (
				D4E42C6A1A88899100AE688F /* GroupSvcCache.m in Sources */,
				D414230B1A7F3E4D00B3CA35 /* AppDelegate.m in Sources */,
				D4E42C701A89C94800AE688F /* GroupManageController.m in Sources */,
				D4E42C731A89D05D00AE688F /* GroupViewController.m in Sources */,
				D4E42C661A88858B00AE688F /* Group.m in Sources */,
				D4E42C761A8AAC8100AE688F /* GroupSvcArchive.m in Sources */,
				D41423081A7F3E4D00B3CA35 /* main.m in Sources */,
			);
			runOnlyForDeploymentPostprocessing = 0;
		};
		D414231A1A7F3E4D00B3CA35 /* Sources */ = {
			isa = PBXSourcesBuildPhase;
			buildActionMask = 2147483647;
			files = (
				D41423251A7F3E4D00B3CA35 /* GroupChatTests.m in Sources */,
			);
			runOnlyForDeploymentPostprocessing = 0;
		};
/* End PBXSourcesBuildPhase section */

/* Begin PBXTargetDependency section */
		D41423201A7F3E4D00B3CA35 /* PBXTargetDependency */ = {
			isa = PBXTargetDependency;
			target = D41423011A7F3E4D00B3CA35 /* GroupChat */;
			targetProxy = D414231F1A7F3E4D00B3CA35 /* PBXContainerItemProxy */;
		};
/* End PBXTargetDependency section */

/* Begin PBXVariantGroup section */
		D41423121A7F3E4D00B3CA35 /* Main.storyboard */ = {
			isa = PBXVariantGroup;
			children = (
				D41423131A7F3E4D00B3CA35 /* Base */,
			);
			name = Main.storyboard;
			sourceTree = "<group>";
		};
		D41423171A7F3E4D00B3CA35 /* LaunchScreen.xib */ = {
			isa = PBXVariantGroup;
			children = (
				D41423181A7F3E4D00B3CA35 /* Base */,
			);
			name = LaunchScreen.xib;
			sourceTree = "<group>";
		};
/* End PBXVariantGroup section */

/* Begin XCBuildConfiguration section */
		D41423261A7F3E4D00B3CA35 /* Debug */ = {
			isa = XCBuildConfiguration;
			buildSettings = {
				ALWAYS_SEARCH_USER_PATHS = NO;
				CLANG_CXX_LANGUAGE_STANDARD = "gnu++0x";
				CLANG_CXX_LIBRARY = "libc++";
				CLANG_ENABLE_MODULES = YES;
				CLANG_ENABLE_OBJC_ARC = YES;
				CLANG_WARN_BOOL_CONVERSION = YES;
				CLANG_WARN_CONSTANT_CONVERSION = YES;
				CLANG_WARN_DIRECT_OBJC_ISA_USAGE = YES_ERROR;
				CLANG_WARN_EMPTY_BODY = YES;
				CLANG_WARN_ENUM_CONVERSION = YES;
				CLANG_WARN_INT_CONVERSION = YES;
				CLANG_WARN_OBJC_ROOT_CLASS = YES_ERROR;
				CLANG_WARN_UNREACHABLE_CODE = YES;
				CLANG_WARN__DUPLICATE_METHOD_MATCH = YES;
				"CODE_SIGN_IDENTITY[sdk=iphoneos*]" = "iPhone Developer";
				COPY_PHASE_STRIP = NO;
				ENABLE_STRICT_OBJC_MSGSEND = YES;
				GCC_C_LANGUAGE_STANDARD = gnu99;
				GCC_DYNAMIC_NO_PIC = NO;
				GCC_OPTIMIZATION_LEVEL = 0;
				GCC_PREPROCESSOR_DEFINITIONS = (
					"DEBUG=1",
					"$(inherited)",
				);
				GCC_SYMBOLS_PRIVATE_EXTERN = NO;
				GCC_WARN_64_TO_32_BIT_CONVERSION = YES;
				GCC_WARN_ABOUT_RETURN_TYPE = YES_ERROR;
				GCC_WARN_UNDECLARED_SELECTOR = YES;
				GCC_WARN_UNINITIALIZED_AUTOS = YES_AGGRESSIVE;
				GCC_WARN_UNUSED_FUNCTION = YES;
				GCC_WARN_UNUSED_VARIABLE = YES;
				IPHONEOS_DEPLOYMENT_TARGET = 8.1;
				MTL_ENABLE_DEBUG_INFO = YES;
				ONLY_ACTIVE_ARCH = YES;
				SDKROOT = iphoneos;
			};
			name = Debug;
		};
		D41423271A7F3E4D00B3CA35 /* Release */ = {
			isa = XCBuildConfiguration;
			buildSettings = {
				ALWAYS_SEARCH_USER_PATHS = NO;
				CLANG_CXX_LANGUAGE_STANDARD = "gnu++0x";
				CLANG_CXX_LIBRARY = "libc++";
				CLANG_ENABLE_MODULES = YES;
				CLANG_ENABLE_OBJC_ARC = YES;
				CLANG_WARN_BOOL_CONVERSION = YES;
				CLANG_WARN_CONSTANT_CONVERSION = YES;
				CLANG_WARN_DIRECT_OBJC_ISA_USAGE = YES_ERROR;
				CLANG_WARN_EMPTY_BODY = YES;
				CLANG_WARN_ENUM_CONVERSION = YES;
				CLANG_WARN_INT_CONVERSION = YES;
				CLANG_WARN_OBJC_ROOT_CLASS = YES_ERROR;
				CLANG_WARN_UNREACHABLE_CODE = YES;
				CLANG_WARN__DUPLICATE_METHOD_MATCH = YES;
				"CODE_SIGN_IDENTITY[sdk=iphoneos*]" = "iPhone Developer";
				COPY_PHASE_STRIP = YES;
				ENABLE_NS_ASSERTIONS = NO;
				ENABLE_STRICT_OBJC_MSGSEND = YES;
				GCC_C_LANGUAGE_STANDARD = gnu99;
				GCC_WARN_64_TO_32_BIT_CONVERSION = YES;
				GCC_WARN_ABOUT_RETURN_TYPE = YES_ERROR;
				GCC_WARN_UNDECLARED_SELECTOR = YES;
				GCC_WARN_UNINITIALIZED_AUTOS = YES_AGGRESSIVE;
				GCC_WARN_UNUSED_FUNCTION = YES;
				GCC_WARN_UNUSED_VARIABLE = YES;
				IPHONEOS_DEPLOYMENT_TARGET = 8.1;
				MTL_ENABLE_DEBUG_INFO = NO;
				SDKROOT = iphoneos;
				VALIDATE_PRODUCT = YES;
			};
			name = Release;
		};
		D41423291A7F3E4D00B3CA35 /* Debug */ = {
			isa = XCBuildConfiguration;
			buildSettings = {
				ASSETCATALOG_COMPILER_APPICON_NAME = AppIcon;
				INFOPLIST_FILE = GroupChat/Info.plist;
				LD_RUNPATH_SEARCH_PATHS = "$(inherited) @executable_path/Frameworks";
				PRODUCT_NAME = "$(TARGET_NAME)";
			};
			name = Debug;
		};
		D414232A1A7F3E4D00B3CA35 /* Release */ = {
			isa = XCBuildConfiguration;
			buildSettings = {
				ASSETCATALOG_COMPILER_APPICON_NAME = AppIcon;
				INFOPLIST_FILE = GroupChat/Info.plist;
				LD_RUNPATH_SEARCH_PATHS = "$(inherited) @executable_path/Frameworks";
				PRODUCT_NAME = "$(TARGET_NAME)";
			};
			name = Release;
		};
		D414232C1A7F3E4D00B3CA35 /* Debug */ = {
			isa = XCBuildConfiguration;
			buildSettings = {
				BUNDLE_LOADER = "$(TEST_HOST)";
				FRAMEWORK_SEARCH_PATHS = (
					"$(SDKROOT)/Developer/Library/Frameworks",
					"$(inherited)",
				);
				GCC_PREPROCESSOR_DEFINITIONS = (
					"DEBUG=1",
					"$(inherited)",
				);
				INFOPLIST_FILE = GroupChatTests/Info.plist;
				LD_RUNPATH_SEARCH_PATHS = "$(inherited) @executable_path/Frameworks @loader_path/Frameworks";
				PRODUCT_NAME = "$(TARGET_NAME)";
				TEST_HOST = "$(BUILT_PRODUCTS_DIR)/GroupChat.app/GroupChat";
			};
			name = Debug;
		};
		D414232D1A7F3E4D00B3CA35 /* Release */ = {
			isa = XCBuildConfiguration;
			buildSettings = {
				BUNDLE_LOADER = "$(TEST_HOST)";
				FRAMEWORK_SEARCH_PATHS = (
					"$(SDKROOT)/Developer/Library/Frameworks",
					"$(inherited)",
				);
				INFOPLIST_FILE = GroupChatTests/Info.plist;
				LD_RUNPATH_SEARCH_PATHS = "$(inherited) @executable_path/Frameworks @loader_path/Frameworks";
				PRODUCT_NAME = "$(TARGET_NAME)";
				TEST_HOST = "$(BUILT_PRODUCTS_DIR)/GroupChat.app/GroupChat";
			};
			name = Release;
		};
/* End XCBuildConfiguration section */

/* Begin XCConfigurationList section */
		D41422FD1A7F3E4D00B3CA35 /* Build configuration list for PBXProject "GroupChat" */ = {
			isa = XCConfigurationList;
			buildConfigurations = (
				D41423261A7F3E4D00B3CA35 /* Debug */,
				D41423271A7F3E4D00B3CA35 /* Release */,
			);
			defaultConfigurationIsVisible = 0;
			defaultConfigurationName = Release;
		};
		D41423281A7F3E4D00B3CA35 /* Build configuration list for PBXNativeTarget "GroupChat" */ = {
			isa = XCConfigurationList;
			buildConfigurations = (
				D41423291A7F3E4D00B3CA35 /* Debug */,
				D414232A1A7F3E4D00B3CA35 /* Release */,
			);
			defaultConfigurationIsVisible = 0;
			defaultConfigurationName = Release;
		};
		D414232B1A7F3E4D00B3CA35 /* Build configuration list for PBXNativeTarget "GroupChatTests" */ = {
			isa = XCConfigurationList;
			buildConfigurations = (
				D414232C1A7F3E4D00B3CA35 /* Debug */,
				D414232D1A7F3E4D00B3CA35 /* Release */,
			);
			defaultConfigurationIsVisible = 0;
			defaultConfigurationName = Release;
		};
/* End XCConfigurationList section */
	};
	rootObject = D41422FA1A7F3E4D00B3CA35 /* Project object */;
}
